// !$*UTF8*$!
{
	archiveVersion = 1;
	classes = {
	};
	objectVersion = 56;
	objects = {

/* Begin PBXBuildFile section */
		973AEEED2BBF3FF70083CBED /* RedefineGuideApp.swift in Sources */ = {isa = PBXBuildFile; fileRef = 973AEEEC2BBF3FF70083CBED /* RedefineGuideApp.swift */; };
		973AEEEF2BBF3FF70083CBED /* RootView.swift in Sources */ = {isa = PBXBuildFile; fileRef = 973AEEEE2BBF3FF70083CBED /* RootView.swift */; };
		973AEEF12BBF3FF90083CBED /* Assets.xcassets in Resources */ = {isa = PBXBuildFile; fileRef = 973AEEF02BBF3FF90083CBED /* Assets.xcassets */; };
		973AEEF42BBF3FF90083CBED /* Preview Assets.xcassets in Resources */ = {isa = PBXBuildFile; fileRef = 973AEEF32BBF3FF90083CBED /* Preview Assets.xcassets */; };
		973AEEFE2BBF3FF90083CBED /* RedefineGuideTests.swift in Sources */ = {isa = PBXBuildFile; fileRef = 973AEEFD2BBF3FF90083CBED /* RedefineGuideTests.swift */; };
		973AEF082BBF3FF90083CBED /* RedefineGuideUITests.swift in Sources */ = {isa = PBXBuildFile; fileRef = 973AEF072BBF3FF90083CBED /* RedefineGuideUITests.swift */; };
		973AEF0A2BBF3FF90083CBED /* RedefineGuideUITestsLaunchTests.swift in Sources */ = {isa = PBXBuildFile; fileRef = 973AEF092BBF3FF90083CBED /* RedefineGuideUITestsLaunchTests.swift */; };
		973AEF172BBF41B40083CBED /* Logging.swift in Sources */ = {isa = PBXBuildFile; fileRef = 973AEF162BBF41B40083CBED /* Logging.swift */; };
		973AEF192BBF41E20083CBED /* Helpers.swift in Sources */ = {isa = PBXBuildFile; fileRef = 973AEF182BBF41E20083CBED /* Helpers.swift */; };
		973AEF1B2BBF42390083CBED /* LifecycleEventMonitor.swift in Sources */ = {isa = PBXBuildFile; fileRef = 973AEF1A2BBF42390083CBED /* LifecycleEventMonitor.swift */; };
		973AEF202BBF427D0083CBED /* AsyncButton.swift in Sources */ = {isa = PBXBuildFile; fileRef = 973AEF1F2BBF427D0083CBED /* AsyncButton.swift */; };
		973AEF292BBFA9FA0083CBED /* AsyncQueueProcessor.swift in Sources */ = {isa = PBXBuildFile; fileRef = 973AEF282BBFA9FA0083CBED /* AsyncQueueProcessor.swift */; };
		973AEF2C2BBFAA080083CBED /* ThreadSafeDictionary.swift in Sources */ = {isa = PBXBuildFile; fileRef = 973AEF2A2BBFAA070083CBED /* ThreadSafeDictionary.swift */; };
		973AEF2D2BBFAA080083CBED /* ThreadSafeQueue.swift in Sources */ = {isa = PBXBuildFile; fileRef = 973AEF2B2BBFAA080083CBED /* ThreadSafeQueue.swift */; };
		973AEF2F2BBFAA6F0083CBED /* Constants.swift in Sources */ = {isa = PBXBuildFile; fileRef = 973AEF2E2BBFAA6F0083CBED /* Constants.swift */; };
		973AEF312BBFAB250083CBED /* ARViewContainer.swift in Sources */ = {isa = PBXBuildFile; fileRef = 973AEF302BBFAB250083CBED /* ARViewContainer.swift */; };
		973AEF332BBFAC3F0083CBED /* AppInitializer.swift in Sources */ = {isa = PBXBuildFile; fileRef = 973AEF322BBFAC3F0083CBED /* AppInitializer.swift */; };
		973AEF352BBFAC6E0083CBED /* AppInitializationModel.swift in Sources */ = {isa = PBXBuildFile; fileRef = 973AEF342BBFAC6E0083CBED /* AppInitializationModel.swift */; };
		973AEF372BBFB0250083CBED /* Centered.swift in Sources */ = {isa = PBXBuildFile; fileRef = 973AEF362BBFB0250083CBED /* Centered.swift */; };
		973AEF392BBFB3670083CBED /* SurgeryController.swift in Sources */ = {isa = PBXBuildFile; fileRef = 973AEF382BBFB3670083CBED /* SurgeryController.swift */; };
		973AEF3B2BC433EE0083CBED /* SurgeryView.swift in Sources */ = {isa = PBXBuildFile; fileRef = 973AEF3A2BC433EE0083CBED /* SurgeryView.swift */; };
		973AEF3F2BC456A20083CBED /* SurgeryModel.swift in Sources */ = {isa = PBXBuildFile; fileRef = 973AEF3E2BC456A20083CBED /* SurgeryModel.swift */; };
		977429E92BC707BD0069F4BA /* bone.usdz in Resources */ = {isa = PBXBuildFile; fileRef = 977429E82BC707BD0069F4BA /* bone.usdz */; };
		977429EE2BC70D9C0069F4BA /* SceneKitExtensions.swift in Sources */ = {isa = PBXBuildFile; fileRef = 977429ED2BC70D9C0069F4BA /* SceneKitExtensions.swift */; };
		97936C8F2BD6DDFF005930F4 /* DepthMapSaver.swift in Sources */ = {isa = PBXBuildFile; fileRef = 97936C8E2BD6DDFF005930F4 /* DepthMapSaver.swift */; };
		97936C9D2BD6DF9A005930F4 /* PngEncoder.mm in Sources */ = {isa = PBXBuildFile; fileRef = 97936C9A2BD6DF9A005930F4 /* PngEncoder.mm */; };
		97936C9E2BD6DF9A005930F4 /* lodepng.cpp in Sources */ = {isa = PBXBuildFile; fileRef = 97936C9B2BD6DF9A005930F4 /* lodepng.cpp */; };
/* End PBXBuildFile section */

/* Begin PBXContainerItemProxy section */
		973AEEFA2BBF3FF90083CBED /* PBXContainerItemProxy */ = {
			isa = PBXContainerItemProxy;
			containerPortal = 973AEEE12BBF3FF70083CBED /* Project object */;
			proxyType = 1;
			remoteGlobalIDString = 973AEEE82BBF3FF70083CBED;
			remoteInfo = RedefineGuide;
		};
		973AEF042BBF3FF90083CBED /* PBXContainerItemProxy */ = {
			isa = PBXContainerItemProxy;
			containerPortal = 973AEEE12BBF3FF70083CBED /* Project object */;
			proxyType = 1;
			remoteGlobalIDString = 973AEEE82BBF3FF70083CBED;
			remoteInfo = RedefineGuide;
		};
/* End PBXContainerItemProxy section */

/* Begin PBXFileReference section */
		973AEEE92BBF3FF70083CBED /* RedefineGuide.app */ = {isa = PBXFileReference; explicitFileType = wrapper.application; includeInIndex = 0; path = RedefineGuide.app; sourceTree = BUILT_PRODUCTS_DIR; };
		973AEEEC2BBF3FF70083CBED /* RedefineGuideApp.swift */ = {isa = PBXFileReference; lastKnownFileType = sourcecode.swift; path = RedefineGuideApp.swift; sourceTree = "<group>"; };
		973AEEEE2BBF3FF70083CBED /* RootView.swift */ = {isa = PBXFileReference; lastKnownFileType = sourcecode.swift; path = RootView.swift; sourceTree = "<group>"; };
		973AEEF02BBF3FF90083CBED /* Assets.xcassets */ = {isa = PBXFileReference; lastKnownFileType = folder.assetcatalog; path = Assets.xcassets; sourceTree = "<group>"; };
		973AEEF32BBF3FF90083CBED /* Preview Assets.xcassets */ = {isa = PBXFileReference; lastKnownFileType = folder.assetcatalog; path = "Preview Assets.xcassets"; sourceTree = "<group>"; };
		973AEEF92BBF3FF90083CBED /* RedefineGuideTests.xctest */ = {isa = PBXFileReference; explicitFileType = wrapper.cfbundle; includeInIndex = 0; path = RedefineGuideTests.xctest; sourceTree = BUILT_PRODUCTS_DIR; };
		973AEEFD2BBF3FF90083CBED /* RedefineGuideTests.swift */ = {isa = PBXFileReference; lastKnownFileType = sourcecode.swift; path = RedefineGuideTests.swift; sourceTree = "<group>"; };
		973AEF032BBF3FF90083CBED /* RedefineGuideUITests.xctest */ = {isa = PBXFileReference; explicitFileType = wrapper.cfbundle; includeInIndex = 0; path = RedefineGuideUITests.xctest; sourceTree = BUILT_PRODUCTS_DIR; };
		973AEF072BBF3FF90083CBED /* RedefineGuideUITests.swift */ = {isa = PBXFileReference; lastKnownFileType = sourcecode.swift; path = RedefineGuideUITests.swift; sourceTree = "<group>"; };
		973AEF092BBF3FF90083CBED /* RedefineGuideUITestsLaunchTests.swift */ = {isa = PBXFileReference; lastKnownFileType = sourcecode.swift; path = RedefineGuideUITestsLaunchTests.swift; sourceTree = "<group>"; };
		973AEF162BBF41B40083CBED /* Logging.swift */ = {isa = PBXFileReference; fileEncoding = 4; lastKnownFileType = sourcecode.swift; path = Logging.swift; sourceTree = "<group>"; };
		973AEF182BBF41E20083CBED /* Helpers.swift */ = {isa = PBXFileReference; fileEncoding = 4; lastKnownFileType = sourcecode.swift; path = Helpers.swift; sourceTree = "<group>"; };
		973AEF1A2BBF42390083CBED /* LifecycleEventMonitor.swift */ = {isa = PBXFileReference; fileEncoding = 4; lastKnownFileType = sourcecode.swift; path = LifecycleEventMonitor.swift; sourceTree = "<group>"; };
		973AEF1F2BBF427D0083CBED /* AsyncButton.swift */ = {isa = PBXFileReference; fileEncoding = 4; lastKnownFileType = sourcecode.swift; path = AsyncButton.swift; sourceTree = "<group>"; };
		973AEF232BBFA6610083CBED /* Info.plist */ = {isa = PBXFileReference; lastKnownFileType = text.plist; path = Info.plist; sourceTree = "<group>"; };
		973AEF282BBFA9FA0083CBED /* AsyncQueueProcessor.swift */ = {isa = PBXFileReference; fileEncoding = 4; lastKnownFileType = sourcecode.swift; path = AsyncQueueProcessor.swift; sourceTree = "<group>"; };
		973AEF2A2BBFAA070083CBED /* ThreadSafeDictionary.swift */ = {isa = PBXFileReference; fileEncoding = 4; lastKnownFileType = sourcecode.swift; path = ThreadSafeDictionary.swift; sourceTree = "<group>"; };
		973AEF2B2BBFAA080083CBED /* ThreadSafeQueue.swift */ = {isa = PBXFileReference; fileEncoding = 4; lastKnownFileType = sourcecode.swift; path = ThreadSafeQueue.swift; sourceTree = "<group>"; };
		973AEF2E2BBFAA6F0083CBED /* Constants.swift */ = {isa = PBXFileReference; fileEncoding = 4; lastKnownFileType = sourcecode.swift; path = Constants.swift; sourceTree = "<group>"; };
		973AEF302BBFAB250083CBED /* ARViewContainer.swift */ = {isa = PBXFileReference; lastKnownFileType = sourcecode.swift; path = ARViewContainer.swift; sourceTree = "<group>"; };
		973AEF322BBFAC3F0083CBED /* AppInitializer.swift */ = {isa = PBXFileReference; lastKnownFileType = sourcecode.swift; path = AppInitializer.swift; sourceTree = "<group>"; };
		973AEF342BBFAC6E0083CBED /* AppInitializationModel.swift */ = {isa = PBXFileReference; lastKnownFileType = sourcecode.swift; path = AppInitializationModel.swift; sourceTree = "<group>"; };
		973AEF362BBFB0250083CBED /* Centered.swift */ = {isa = PBXFileReference; fileEncoding = 4; lastKnownFileType = sourcecode.swift; path = Centered.swift; sourceTree = "<group>"; };
		973AEF382BBFB3670083CBED /* SurgeryController.swift */ = {isa = PBXFileReference; lastKnownFileType = sourcecode.swift; path = SurgeryController.swift; sourceTree = "<group>"; };
		973AEF3A2BC433EE0083CBED /* SurgeryView.swift */ = {isa = PBXFileReference; lastKnownFileType = sourcecode.swift; path = SurgeryView.swift; sourceTree = "<group>"; };
		973AEF3E2BC456A20083CBED /* SurgeryModel.swift */ = {isa = PBXFileReference; lastKnownFileType = sourcecode.swift; path = SurgeryModel.swift; sourceTree = "<group>"; };
		977429E82BC707BD0069F4BA /* bone.usdz */ = {isa = PBXFileReference; lastKnownFileType = file.usdz; path = bone.usdz; sourceTree = "<group>"; };
		977429ED2BC70D9C0069F4BA /* SceneKitExtensions.swift */ = {isa = PBXFileReference; lastKnownFileType = sourcecode.swift; path = SceneKitExtensions.swift; sourceTree = "<group>"; };
		97936C8E2BD6DDFF005930F4 /* DepthMapSaver.swift */ = {isa = PBXFileReference; lastKnownFileType = sourcecode.swift; path = DepthMapSaver.swift; sourceTree = "<group>"; };
		97936C982BD6DF99005930F4 /* RedefineGuide-Bridging-Header.h */ = {isa = PBXFileReference; lastKnownFileType = sourcecode.c.h; path = "RedefineGuide-Bridging-Header.h"; sourceTree = "<group>"; };
		97936C992BD6DF9A005930F4 /* PngEncoder.h */ = {isa = PBXFileReference; fileEncoding = 4; lastKnownFileType = sourcecode.c.h; path = PngEncoder.h; sourceTree = "<group>"; };
		97936C9A2BD6DF9A005930F4 /* PngEncoder.mm */ = {isa = PBXFileReference; fileEncoding = 4; lastKnownFileType = sourcecode.cpp.objcpp; path = PngEncoder.mm; sourceTree = "<group>"; };
		97936C9B2BD6DF9A005930F4 /* lodepng.cpp */ = {isa = PBXFileReference; fileEncoding = 4; lastKnownFileType = sourcecode.cpp.cpp; path = lodepng.cpp; sourceTree = "<group>"; };
		97936C9C2BD6DF9A005930F4 /* lodepng.h */ = {isa = PBXFileReference; fileEncoding = 4; lastKnownFileType = sourcecode.c.h; path = lodepng.h; sourceTree = "<group>"; };
/* End PBXFileReference section */

/* Begin PBXFrameworksBuildPhase section */
		973AEEE62BBF3FF70083CBED /* Frameworks */ = {
			isa = PBXFrameworksBuildPhase;
			buildActionMask = 2147483647;
			files = (
			);
			runOnlyForDeploymentPostprocessing = 0;
		};
		973AEEF62BBF3FF90083CBED /* Frameworks */ = {
			isa = PBXFrameworksBuildPhase;
			buildActionMask = 2147483647;
			files = (
			);
			runOnlyForDeploymentPostprocessing = 0;
		};
		973AEF002BBF3FF90083CBED /* Frameworks */ = {
			isa = PBXFrameworksBuildPhase;
			buildActionMask = 2147483647;
			files = (
			);
			runOnlyForDeploymentPostprocessing = 0;
		};
/* End PBXFrameworksBuildPhase section */

/* Begin PBXGroup section */
		973AEEE02BBF3FF70083CBED = {
			isa = PBXGroup;
			children = (
				973AEEEB2BBF3FF70083CBED /* RedefineGuide */,
				973AEEFC2BBF3FF90083CBED /* RedefineGuideTests */,
				973AEF062BBF3FF90083CBED /* RedefineGuideUITests */,
				973AEEEA2BBF3FF70083CBED /* Products */,
			);
			sourceTree = "<group>";
		};
		973AEEEA2BBF3FF70083CBED /* Products */ = {
			isa = PBXGroup;
			children = (
				973AEEE92BBF3FF70083CBED /* RedefineGuide.app */,
				973AEEF92BBF3FF90083CBED /* RedefineGuideTests.xctest */,
				973AEF032BBF3FF90083CBED /* RedefineGuideUITests.xctest */,
			);
			name = Products;
			sourceTree = "<group>";
		};
		973AEEEB2BBF3FF70083CBED /* RedefineGuide */ = {
			isa = PBXGroup;
			children = (
				973AEF232BBFA6610083CBED /* Info.plist */,
				973AEF282BBFA9FA0083CBED /* AsyncQueueProcessor.swift */,
				973AEF2E2BBFAA6F0083CBED /* Constants.swift */,
				973AEF182BBF41E20083CBED /* Helpers.swift */,
				973AEF1A2BBF42390083CBED /* LifecycleEventMonitor.swift */,
				973AEF162BBF41B40083CBED /* Logging.swift */,
				973AEEEC2BBF3FF70083CBED /* RedefineGuideApp.swift */,
				973AEF2A2BBFAA070083CBED /* ThreadSafeDictionary.swift */,
				973AEF2B2BBFAA080083CBED /* ThreadSafeQueue.swift */,
				973AEEF02BBF3FF90083CBED /* Assets.xcassets */,
				977429E82BC707BD0069F4BA /* bone.usdz */,
				97936C952BD6DF47005930F4 /* CCode */,
				973AEF1C2BBF425B0083CBED /* Controllers */,
				977429EC2BC70D850069F4BA /* Extensions */,
				973AEF1E2BBF42670083CBED /* Models */,
				973AEEF22BBF3FF90083CBED /* Preview Content */,
				973AEF1D2BBF42610083CBED /* Views */,
			);
			path = RedefineGuide;
			sourceTree = "<group>";
		};
		973AEEF22BBF3FF90083CBED /* Preview Content */ = {
			isa = PBXGroup;
			children = (
				973AEEF32BBF3FF90083CBED /* Preview Assets.xcassets */,
			);
			path = "Preview Content";
			sourceTree = "<group>";
		};
		973AEEFC2BBF3FF90083CBED /* RedefineGuideTests */ = {
			isa = PBXGroup;
			children = (
				973AEEFD2BBF3FF90083CBED /* RedefineGuideTests.swift */,
			);
			path = RedefineGuideTests;
			sourceTree = "<group>";
		};
		973AEF062BBF3FF90083CBED /* RedefineGuideUITests */ = {
			isa = PBXGroup;
			children = (
				973AEF072BBF3FF90083CBED /* RedefineGuideUITests.swift */,
				973AEF092BBF3FF90083CBED /* RedefineGuideUITestsLaunchTests.swift */,
			);
			path = RedefineGuideUITests;
			sourceTree = "<group>";
		};
		973AEF1C2BBF425B0083CBED /* Controllers */ = {
			isa = PBXGroup;
			children = (
				973AEF322BBFAC3F0083CBED /* AppInitializer.swift */,
				973AEF382BBFB3670083CBED /* SurgeryController.swift */,
			);
			path = Controllers;
			sourceTree = "<group>";
		};
		973AEF1D2BBF42610083CBED /* Views */ = {
			isa = PBXGroup;
			children = (
				973AEF362BBFB0250083CBED /* Centered.swift */,
				973AEEEE2BBF3FF70083CBED /* RootView.swift */,
				973AEF1F2BBF427D0083CBED /* AsyncButton.swift */,
				973AEF302BBFAB250083CBED /* ARViewContainer.swift */,
				973AEF3A2BC433EE0083CBED /* SurgeryView.swift */,
			);
			path = Views;
			sourceTree = "<group>";
		};
		973AEF1E2BBF42670083CBED /* Models */ = {
			isa = PBXGroup;
			children = (
				973AEF342BBFAC6E0083CBED /* AppInitializationModel.swift */,
				973AEF3E2BC456A20083CBED /* SurgeryModel.swift */,
			);
			path = Models;
			sourceTree = "<group>";
		};
		977429EC2BC70D850069F4BA /* Extensions */ = {
			isa = PBXGroup;
			children = (
				977429ED2BC70D9C0069F4BA /* SceneKitExtensions.swift */,
				97936C8E2BD6DDFF005930F4 /* DepthMapSaver.swift */,
			);
			path = Extensions;
			sourceTree = "<group>";
		};
		97936C952BD6DF47005930F4 /* CCode */ = {
			isa = PBXGroup;
			children = (
				97936C9B2BD6DF9A005930F4 /* lodepng.cpp */,
				97936C9C2BD6DF9A005930F4 /* lodepng.h */,
				97936C992BD6DF9A005930F4 /* PngEncoder.h */,
				97936C9A2BD6DF9A005930F4 /* PngEncoder.mm */,
				97936C982BD6DF99005930F4 /* RedefineGuide-Bridging-Header.h */,
			);
			path = CCode;
			sourceTree = "<group>";
		};
/* End PBXGroup section */

/* Begin PBXNativeTarget section */
		973AEEE82BBF3FF70083CBED /* RedefineGuide */ = {
			isa = PBXNativeTarget;
			buildConfigurationList = 973AEF0D2BBF3FF90083CBED /* Build configuration list for PBXNativeTarget "RedefineGuide" */;
			buildPhases = (
				973AEEE52BBF3FF70083CBED /* Sources */,
				973AEEE62BBF3FF70083CBED /* Frameworks */,
				973AEEE72BBF3FF70083CBED /* Resources */,
			);
			buildRules = (
			);
			dependencies = (
			);
			name = RedefineGuide;
			productName = RedefineGuide;
			productReference = 973AEEE92BBF3FF70083CBED /* RedefineGuide.app */;
			productType = "com.apple.product-type.application";
		};
		973AEEF82BBF3FF90083CBED /* RedefineGuideTests */ = {
			isa = PBXNativeTarget;
			buildConfigurationList = 973AEF102BBF3FF90083CBED /* Build configuration list for PBXNativeTarget "RedefineGuideTests" */;
			buildPhases = (
				973AEEF52BBF3FF90083CBED /* Sources */,
				973AEEF62BBF3FF90083CBED /* Frameworks */,
				973AEEF72BBF3FF90083CBED /* Resources */,
			);
			buildRules = (
			);
			dependencies = (
				973AEEFB2BBF3FF90083CBED /* PBXTargetDependency */,
			);
			name = RedefineGuideTests;
			productName = RedefineGuideTests;
			productReference = 973AEEF92BBF3FF90083CBED /* RedefineGuideTests.xctest */;
			productType = "com.apple.product-type.bundle.unit-test";
		};
		973AEF022BBF3FF90083CBED /* RedefineGuideUITests */ = {
			isa = PBXNativeTarget;
			buildConfigurationList = 973AEF132BBF3FF90083CBED /* Build configuration list for PBXNativeTarget "RedefineGuideUITests" */;
			buildPhases = (
				973AEEFF2BBF3FF90083CBED /* Sources */,
				973AEF002BBF3FF90083CBED /* Frameworks */,
				973AEF012BBF3FF90083CBED /* Resources */,
			);
			buildRules = (
			);
			dependencies = (
				973AEF052BBF3FF90083CBED /* PBXTargetDependency */,
			);
			name = RedefineGuideUITests;
			productName = RedefineGuideUITests;
			productReference = 973AEF032BBF3FF90083CBED /* RedefineGuideUITests.xctest */;
			productType = "com.apple.product-type.bundle.ui-testing";
		};
/* End PBXNativeTarget section */

/* Begin PBXProject section */
		973AEEE12BBF3FF70083CBED /* Project object */ = {
			isa = PBXProject;
			attributes = {
				BuildIndependentTargetsInParallel = 1;
				LastSwiftUpdateCheck = 1530;
				LastUpgradeCheck = 1530;
				TargetAttributes = {
					973AEEE82BBF3FF70083CBED = {
						CreatedOnToolsVersion = 15.3;
						LastSwiftMigration = 1530;
					};
					973AEEF82BBF3FF90083CBED = {
						CreatedOnToolsVersion = 15.3;
						TestTargetID = 973AEEE82BBF3FF70083CBED;
					};
					973AEF022BBF3FF90083CBED = {
						CreatedOnToolsVersion = 15.3;
						TestTargetID = 973AEEE82BBF3FF70083CBED;
					};
				};
			};
			buildConfigurationList = 973AEEE42BBF3FF70083CBED /* Build configuration list for PBXProject "RedefineGuide" */;
			compatibilityVersion = "Xcode 14.0";
			developmentRegion = en;
			hasScannedForEncodings = 0;
			knownRegions = (
				en,
				Base,
			);
			mainGroup = 973AEEE02BBF3FF70083CBED;
			productRefGroup = 973AEEEA2BBF3FF70083CBED /* Products */;
			projectDirPath = "";
			projectRoot = "";
			targets = (
				973AEEE82BBF3FF70083CBED /* RedefineGuide */,
				973AEEF82BBF3FF90083CBED /* RedefineGuideTests */,
				973AEF022BBF3FF90083CBED /* RedefineGuideUITests */,
			);
		};
/* End PBXProject section */

/* Begin PBXResourcesBuildPhase section */
		973AEEE72BBF3FF70083CBED /* Resources */ = {
			isa = PBXResourcesBuildPhase;
			buildActionMask = 2147483647;
			files = (
				973AEEF42BBF3FF90083CBED /* Preview Assets.xcassets in Resources */,
				973AEEF12BBF3FF90083CBED /* Assets.xcassets in Resources */,
				977429E92BC707BD0069F4BA /* bone.usdz in Resources */,
			);
			runOnlyForDeploymentPostprocessing = 0;
		};
		973AEEF72BBF3FF90083CBED /* Resources */ = {
			isa = PBXResourcesBuildPhase;
			buildActionMask = 2147483647;
			files = (
			);
			runOnlyForDeploymentPostprocessing = 0;
		};
		973AEF012BBF3FF90083CBED /* Resources */ = {
			isa = PBXResourcesBuildPhase;
			buildActionMask = 2147483647;
			files = (
			);
			runOnlyForDeploymentPostprocessing = 0;
		};
/* End PBXResourcesBuildPhase section */

/* Begin PBXSourcesBuildPhase section */
		973AEEE52BBF3FF70083CBED /* Sources */ = {
			isa = PBXSourcesBuildPhase;
			buildActionMask = 2147483647;
			files = (
				973AEF2D2BBFAA080083CBED /* ThreadSafeQueue.swift in Sources */,
				973AEF2F2BBFAA6F0083CBED /* Constants.swift in Sources */,
				973AEF1B2BBF42390083CBED /* LifecycleEventMonitor.swift in Sources */,
				973AEF352BBFAC6E0083CBED /* AppInitializationModel.swift in Sources */,
				973AEEEF2BBF3FF70083CBED /* RootView.swift in Sources */,
				973AEF312BBFAB250083CBED /* ARViewContainer.swift in Sources */,
				97936C9E2BD6DF9A005930F4 /* lodepng.cpp in Sources */,
				973AEF202BBF427D0083CBED /* AsyncButton.swift in Sources */,
				973AEF2C2BBFAA080083CBED /* ThreadSafeDictionary.swift in Sources */,
				973AEF3B2BC433EE0083CBED /* SurgeryView.swift in Sources */,
				973AEF332BBFAC3F0083CBED /* AppInitializer.swift in Sources */,
				973AEF3F2BC456A20083CBED /* SurgeryModel.swift in Sources */,
				977429EE2BC70D9C0069F4BA /* SceneKitExtensions.swift in Sources */,
				973AEF392BBFB3670083CBED /* SurgeryController.swift in Sources */,
				973AEF172BBF41B40083CBED /* Logging.swift in Sources */,
				973AEEED2BBF3FF70083CBED /* RedefineGuideApp.swift in Sources */,
				973AEF192BBF41E20083CBED /* Helpers.swift in Sources */,
				973AEF292BBFA9FA0083CBED /* AsyncQueueProcessor.swift in Sources */,
				97936C8F2BD6DDFF005930F4 /* DepthMapSaver.swift in Sources */,
				97936C9D2BD6DF9A005930F4 /* PngEncoder.mm in Sources */,
				973AEF372BBFB0250083CBED /* Centered.swift in Sources */,
			);
			runOnlyForDeploymentPostprocessing = 0;
		};
		973AEEF52BBF3FF90083CBED /* Sources */ = {
			isa = PBXSourcesBuildPhase;
			buildActionMask = 2147483647;
			files = (
				973AEEFE2BBF3FF90083CBED /* RedefineGuideTests.swift in Sources */,
			);
			runOnlyForDeploymentPostprocessing = 0;
		};
		973AEEFF2BBF3FF90083CBED /* Sources */ = {
			isa = PBXSourcesBuildPhase;
			buildActionMask = 2147483647;
			files = (
				973AEF082BBF3FF90083CBED /* RedefineGuideUITests.swift in Sources */,
				973AEF0A2BBF3FF90083CBED /* RedefineGuideUITestsLaunchTests.swift in Sources */,
			);
			runOnlyForDeploymentPostprocessing = 0;
		};
/* End PBXSourcesBuildPhase section */

/* Begin PBXTargetDependency section */
		973AEEFB2BBF3FF90083CBED /* PBXTargetDependency */ = {
			isa = PBXTargetDependency;
			target = 973AEEE82BBF3FF70083CBED /* RedefineGuide */;
			targetProxy = 973AEEFA2BBF3FF90083CBED /* PBXContainerItemProxy */;
		};
		973AEF052BBF3FF90083CBED /* PBXTargetDependency */ = {
			isa = PBXTargetDependency;
			target = 973AEEE82BBF3FF70083CBED /* RedefineGuide */;
			targetProxy = 973AEF042BBF3FF90083CBED /* PBXContainerItemProxy */;
		};
/* End PBXTargetDependency section */

/* Begin XCBuildConfiguration section */
		973AEF0B2BBF3FF90083CBED /* Debug */ = {
			isa = XCBuildConfiguration;
			buildSettings = {
				ALWAYS_SEARCH_USER_PATHS = NO;
				ASSETCATALOG_COMPILER_GENERATE_SWIFT_ASSET_SYMBOL_EXTENSIONS = YES;
				CLANG_ANALYZER_NONNULL = YES;
				CLANG_ANALYZER_NUMBER_OBJECT_CONVERSION = YES_AGGRESSIVE;
				CLANG_CXX_LANGUAGE_STANDARD = "gnu++20";
				CLANG_ENABLE_MODULES = YES;
				CLANG_ENABLE_OBJC_ARC = YES;
				CLANG_ENABLE_OBJC_WEAK = YES;
				CLANG_WARN_BLOCK_CAPTURE_AUTORELEASING = YES;
				CLANG_WARN_BOOL_CONVERSION = YES;
				CLANG_WARN_COMMA = YES;
				CLANG_WARN_CONSTANT_CONVERSION = YES;
				CLANG_WARN_DEPRECATED_OBJC_IMPLEMENTATIONS = YES;
				CLANG_WARN_DIRECT_OBJC_ISA_USAGE = YES_ERROR;
				CLANG_WARN_DOCUMENTATION_COMMENTS = YES;
				CLANG_WARN_EMPTY_BODY = YES;
				CLANG_WARN_ENUM_CONVERSION = YES;
				CLANG_WARN_INFINITE_RECURSION = YES;
				CLANG_WARN_INT_CONVERSION = YES;
				CLANG_WARN_NON_LITERAL_NULL_CONVERSION = YES;
				CLANG_WARN_OBJC_IMPLICIT_RETAIN_SELF = YES;
				CLANG_WARN_OBJC_LITERAL_CONVERSION = YES;
				CLANG_WARN_OBJC_ROOT_CLASS = YES_ERROR;
				CLANG_WARN_QUOTED_INCLUDE_IN_FRAMEWORK_HEADER = YES;
				CLANG_WARN_RANGE_LOOP_ANALYSIS = YES;
				CLANG_WARN_STRICT_PROTOTYPES = YES;
				CLANG_WARN_SUSPICIOUS_MOVE = YES;
				CLANG_WARN_UNGUARDED_AVAILABILITY = YES_AGGRESSIVE;
				CLANG_WARN_UNREACHABLE_CODE = YES;
				CLANG_WARN__DUPLICATE_METHOD_MATCH = YES;
				COPY_PHASE_STRIP = NO;
				DEBUG_INFORMATION_FORMAT = dwarf;
				ENABLE_STRICT_OBJC_MSGSEND = YES;
				ENABLE_TESTABILITY = YES;
				ENABLE_USER_SCRIPT_SANDBOXING = YES;
				GCC_C_LANGUAGE_STANDARD = gnu17;
				GCC_DYNAMIC_NO_PIC = NO;
				GCC_NO_COMMON_BLOCKS = YES;
				GCC_OPTIMIZATION_LEVEL = 0;
				GCC_PREPROCESSOR_DEFINITIONS = (
					"DEBUG=1",
					"$(inherited)",
				);
				GCC_WARN_64_TO_32_BIT_CONVERSION = YES;
				GCC_WARN_ABOUT_RETURN_TYPE = YES_ERROR;
				GCC_WARN_UNDECLARED_SELECTOR = YES;
				GCC_WARN_UNINITIALIZED_AUTOS = YES_AGGRESSIVE;
				GCC_WARN_UNUSED_FUNCTION = YES;
				GCC_WARN_UNUSED_VARIABLE = YES;
				IPHONEOS_DEPLOYMENT_TARGET = 16.0;
				LOCALIZATION_PREFERS_STRING_CATALOGS = YES;
				MTL_ENABLE_DEBUG_INFO = INCLUDE_SOURCE;
				MTL_FAST_MATH = YES;
				ONLY_ACTIVE_ARCH = YES;
				SDKROOT = iphoneos;
				SWIFT_ACTIVE_COMPILATION_CONDITIONS = "DEBUG $(inherited)";
				SWIFT_OPTIMIZATION_LEVEL = "-Onone";
			};
			name = Debug;
		};
		973AEF0C2BBF3FF90083CBED /* Release */ = {
			isa = XCBuildConfiguration;
			buildSettings = {
				ALWAYS_SEARCH_USER_PATHS = NO;
				ASSETCATALOG_COMPILER_GENERATE_SWIFT_ASSET_SYMBOL_EXTENSIONS = YES;
				CLANG_ANALYZER_NONNULL = YES;
				CLANG_ANALYZER_NUMBER_OBJECT_CONVERSION = YES_AGGRESSIVE;
				CLANG_CXX_LANGUAGE_STANDARD = "gnu++20";
				CLANG_ENABLE_MODULES = YES;
				CLANG_ENABLE_OBJC_ARC = YES;
				CLANG_ENABLE_OBJC_WEAK = YES;
				CLANG_WARN_BLOCK_CAPTURE_AUTORELEASING = YES;
				CLANG_WARN_BOOL_CONVERSION = YES;
				CLANG_WARN_COMMA = YES;
				CLANG_WARN_CONSTANT_CONVERSION = YES;
				CLANG_WARN_DEPRECATED_OBJC_IMPLEMENTATIONS = YES;
				CLANG_WARN_DIRECT_OBJC_ISA_USAGE = YES_ERROR;
				CLANG_WARN_DOCUMENTATION_COMMENTS = YES;
				CLANG_WARN_EMPTY_BODY = YES;
				CLANG_WARN_ENUM_CONVERSION = YES;
				CLANG_WARN_INFINITE_RECURSION = YES;
				CLANG_WARN_INT_CONVERSION = YES;
				CLANG_WARN_NON_LITERAL_NULL_CONVERSION = YES;
				CLANG_WARN_OBJC_IMPLICIT_RETAIN_SELF = YES;
				CLANG_WARN_OBJC_LITERAL_CONVERSION = YES;
				CLANG_WARN_OBJC_ROOT_CLASS = YES_ERROR;
				CLANG_WARN_QUOTED_INCLUDE_IN_FRAMEWORK_HEADER = YES;
				CLANG_WARN_RANGE_LOOP_ANALYSIS = YES;
				CLANG_WARN_STRICT_PROTOTYPES = YES;
				CLANG_WARN_SUSPICIOUS_MOVE = YES;
				CLANG_WARN_UNGUARDED_AVAILABILITY = YES_AGGRESSIVE;
				CLANG_WARN_UNREACHABLE_CODE = YES;
				CLANG_WARN__DUPLICATE_METHOD_MATCH = YES;
				COPY_PHASE_STRIP = NO;
				DEBUG_INFORMATION_FORMAT = "dwarf-with-dsym";
				ENABLE_NS_ASSERTIONS = NO;
				ENABLE_STRICT_OBJC_MSGSEND = YES;
				ENABLE_USER_SCRIPT_SANDBOXING = YES;
				GCC_C_LANGUAGE_STANDARD = gnu17;
				GCC_NO_COMMON_BLOCKS = YES;
				GCC_WARN_64_TO_32_BIT_CONVERSION = YES;
				GCC_WARN_ABOUT_RETURN_TYPE = YES_ERROR;
				GCC_WARN_UNDECLARED_SELECTOR = YES;
				GCC_WARN_UNINITIALIZED_AUTOS = YES_AGGRESSIVE;
				GCC_WARN_UNUSED_FUNCTION = YES;
				GCC_WARN_UNUSED_VARIABLE = YES;
				IPHONEOS_DEPLOYMENT_TARGET = 16.0;
				LOCALIZATION_PREFERS_STRING_CATALOGS = YES;
				MTL_ENABLE_DEBUG_INFO = NO;
				MTL_FAST_MATH = YES;
				SDKROOT = iphoneos;
				SWIFT_COMPILATION_MODE = wholemodule;
				VALIDATE_PRODUCT = YES;
			};
			name = Release;
		};
		973AEF0E2BBF3FF90083CBED /* Debug */ = {
			isa = XCBuildConfiguration;
			buildSettings = {
				ASSETCATALOG_COMPILER_APPICON_NAME = AppIcon;
				ASSETCATALOG_COMPILER_GLOBAL_ACCENT_COLOR_NAME = AccentColor;
				CLANG_ENABLE_MODULES = YES;
				CODE_SIGN_STYLE = Automatic;
				CURRENT_PROJECT_VERSION = 1;
				DEVELOPMENT_ASSET_PATHS = "\"RedefineGuide/Preview Content\"";
				DEVELOPMENT_TEAM = C47Q8A6352;
				ENABLE_PREVIEWS = YES;
				GENERATE_INFOPLIST_FILE = YES;
				INFOPLIST_FILE = RedefineGuide/Info.plist;
				INFOPLIST_KEY_CFBundleDisplayName = "RS Guide Dev";
				INFOPLIST_KEY_NSCameraUsageDescription = "For overlaying guides over camera scenes";
				INFOPLIST_KEY_UIApplicationSceneManifest_Generation = YES;
				INFOPLIST_KEY_UIApplicationSupportsIndirectInputEvents = YES;
				INFOPLIST_KEY_UILaunchScreen_Generation = YES;
				INFOPLIST_KEY_UISupportedInterfaceOrientations_iPad = "UIInterfaceOrientationPortrait UIInterfaceOrientationPortraitUpsideDown UIInterfaceOrientationLandscapeLeft UIInterfaceOrientationLandscapeRight";
				INFOPLIST_KEY_UISupportedInterfaceOrientations_iPhone = "UIInterfaceOrientationPortrait UIInterfaceOrientationLandscapeLeft UIInterfaceOrientationLandscapeRight";
				LD_RUNPATH_SEARCH_PATHS = (
					"$(inherited)",
					"@executable_path/Frameworks",
				);
				MARKETING_VERSION = 1.0;
				PRODUCT_BUNDLE_IDENTIFIER = com.redefinesurgery.guides.dev;
				PRODUCT_NAME = "$(TARGET_NAME)";
				SWIFT_EMIT_LOC_STRINGS = YES;
				SWIFT_OBJC_BRIDGING_HEADER = "RedefineGuide/CCode/RedefineGuide-Bridging-Header.h";
				SWIFT_OPTIMIZATION_LEVEL = "-Onone";
				SWIFT_VERSION = 5.0;
				TARGETED_DEVICE_FAMILY = "1,2";
			};
			name = Debug;
		};
		973AEF0F2BBF3FF90083CBED /* Release */ = {
			isa = XCBuildConfiguration;
			buildSettings = {
				ASSETCATALOG_COMPILER_APPICON_NAME = AppIcon;
				ASSETCATALOG_COMPILER_GLOBAL_ACCENT_COLOR_NAME = AccentColor;
				CLANG_ENABLE_MODULES = YES;
				CODE_SIGN_STYLE = Automatic;
				CURRENT_PROJECT_VERSION = 1;
				DEVELOPMENT_ASSET_PATHS = "\"RedefineGuide/Preview Content\"";
				DEVELOPMENT_TEAM = C47Q8A6352;
				ENABLE_PREVIEWS = YES;
				GENERATE_INFOPLIST_FILE = YES;
				INFOPLIST_FILE = RedefineGuide/Info.plist;
				INFOPLIST_KEY_CFBundleDisplayName = "RS Guide Dev";
				INFOPLIST_KEY_NSCameraUsageDescription = "For overlaying guides over camera scenes";
				INFOPLIST_KEY_UIApplicationSceneManifest_Generation = YES;
				INFOPLIST_KEY_UIApplicationSupportsIndirectInputEvents = YES;
				INFOPLIST_KEY_UILaunchScreen_Generation = YES;
				INFOPLIST_KEY_UISupportedInterfaceOrientations_iPad = "UIInterfaceOrientationPortrait UIInterfaceOrientationPortraitUpsideDown UIInterfaceOrientationLandscapeLeft UIInterfaceOrientationLandscapeRight";
				INFOPLIST_KEY_UISupportedInterfaceOrientations_iPhone = "UIInterfaceOrientationPortrait UIInterfaceOrientationLandscapeLeft UIInterfaceOrientationLandscapeRight";
				LD_RUNPATH_SEARCH_PATHS = (
					"$(inherited)",
					"@executable_path/Frameworks",
				);
				MARKETING_VERSION = 1.0;
				PRODUCT_BUNDLE_IDENTIFIER = com.redefinesurgery.guides;
				PRODUCT_NAME = "$(TARGET_NAME)";
				SWIFT_EMIT_LOC_STRINGS = YES;
				SWIFT_OBJC_BRIDGING_HEADER = "RedefineGuide/CCode/RedefineGuide-Bridging-Header.h";
				SWIFT_VERSION = 5.0;
				TARGETED_DEVICE_FAMILY = "1,2";
			};
			name = Release;
		};
		973AEF112BBF3FF90083CBED /* Debug */ = {
			isa = XCBuildConfiguration;
			buildSettings = {
				ALWAYS_EMBED_SWIFT_STANDARD_LIBRARIES = YES;
				BUNDLE_LOADER = "$(TEST_HOST)";
				CODE_SIGN_STYLE = Automatic;
				CURRENT_PROJECT_VERSION = 1;
				DEVELOPMENT_TEAM = FUP9L59XCD;
				GENERATE_INFOPLIST_FILE = YES;
				IPHONEOS_DEPLOYMENT_TARGET = 17.4;
				MARKETING_VERSION = 1.0;
				PRODUCT_BUNDLE_IDENTIFIER = com.redefinesurgery.RedefineGuideTests;
				PRODUCT_NAME = "$(TARGET_NAME)";
				SWIFT_EMIT_LOC_STRINGS = NO;
				SWIFT_VERSION = 5.0;
				TARGETED_DEVICE_FAMILY = "1,2";
				TEST_HOST = "$(BUILT_PRODUCTS_DIR)/RedefineGuide.app/$(BUNDLE_EXECUTABLE_FOLDER_PATH)/RedefineGuide";
			};
			name = Debug;
		};
		973AEF122BBF3FF90083CBED /* Release */ = {
			isa = XCBuildConfiguration;
			buildSettings = {
				ALWAYS_EMBED_SWIFT_STANDARD_LIBRARIES = YES;
				BUNDLE_LOADER = "$(TEST_HOST)";
				CODE_SIGN_STYLE = Automatic;
				CURRENT_PROJECT_VERSION = 1;
				DEVELOPMENT_TEAM = FUP9L59XCD;
				GENERATE_INFOPLIST_FILE = YES;
				IPHONEOS_DEPLOYMENT_TARGET = 17.4;
				MARKETING_VERSION = 1.0;
				PRODUCT_BUNDLE_IDENTIFIER = com.redefinesurgery.RedefineGuideTests;
				PRODUCT_NAME = "$(TARGET_NAME)";
				SWIFT_EMIT_LOC_STRINGS = NO;
				SWIFT_VERSION = 5.0;
				TARGETED_DEVICE_FAMILY = "1,2";
				TEST_HOST = "$(BUILT_PRODUCTS_DIR)/RedefineGuide.app/$(BUNDLE_EXECUTABLE_FOLDER_PATH)/RedefineGuide";
			};
			name = Release;
		};
		973AEF142BBF3FF90083CBED /* Debug */ = {
			isa = XCBuildConfiguration;
			buildSettings = {
				ALWAYS_EMBED_SWIFT_STANDARD_LIBRARIES = YES;
				CODE_SIGN_STYLE = Automatic;
				CURRENT_PROJECT_VERSION = 1;
				DEVELOPMENT_TEAM = FUP9L59XCD;
				GENERATE_INFOPLIST_FILE = YES;
				MARKETING_VERSION = 1.0;
				PRODUCT_BUNDLE_IDENTIFIER = com.redefinesurgery.RedefineGuideUITests;
				PRODUCT_NAME = "$(TARGET_NAME)";
				SWIFT_EMIT_LOC_STRINGS = NO;
				SWIFT_VERSION = 5.0;
				TARGETED_DEVICE_FAMILY = "1,2";
				TEST_TARGET_NAME = RedefineGuide;
			};
			name = Debug;
		};
		973AEF152BBF3FF90083CBED /* Release */ = {
			isa = XCBuildConfiguration;
			buildSettings = {
				ALWAYS_EMBED_SWIFT_STANDARD_LIBRARIES = YES;
				CODE_SIGN_STYLE = Automatic;
				CURRENT_PROJECT_VERSION = 1;
				DEVELOPMENT_TEAM = FUP9L59XCD;
				GENERATE_INFOPLIST_FILE = YES;
				MARKETING_VERSION = 1.0;
				PRODUCT_BUNDLE_IDENTIFIER = com.redefinesurgery.RedefineGuideUITests;
				PRODUCT_NAME = "$(TARGET_NAME)";
				SWIFT_EMIT_LOC_STRINGS = NO;
				SWIFT_VERSION = 5.0;
				TARGETED_DEVICE_FAMILY = "1,2";
				TEST_TARGET_NAME = RedefineGuide;
			};
			name = Release;
		};
/* End XCBuildConfiguration section */

/* Begin XCConfigurationList section */
		973AEEE42BBF3FF70083CBED /* Build configuration list for PBXProject "RedefineGuide" */ = {
			isa = XCConfigurationList;
			buildConfigurations = (
				973AEF0B2BBF3FF90083CBED /* Debug */,
				973AEF0C2BBF3FF90083CBED /* Release */,
			);
			defaultConfigurationIsVisible = 0;
			defaultConfigurationName = Release;
		};
		973AEF0D2BBF3FF90083CBED /* Build configuration list for PBXNativeTarget "RedefineGuide" */ = {
			isa = XCConfigurationList;
			buildConfigurations = (
				973AEF0E2BBF3FF90083CBED /* Debug */,
				973AEF0F2BBF3FF90083CBED /* Release */,
			);
			defaultConfigurationIsVisible = 0;
			defaultConfigurationName = Release;
		};
		973AEF102BBF3FF90083CBED /* Build configuration list for PBXNativeTarget "RedefineGuideTests" */ = {
			isa = XCConfigurationList;
			buildConfigurations = (
				973AEF112BBF3FF90083CBED /* Debug */,
				973AEF122BBF3FF90083CBED /* Release */,
			);
			defaultConfigurationIsVisible = 0;
			defaultConfigurationName = Release;
		};
		973AEF132BBF3FF90083CBED /* Build configuration list for PBXNativeTarget "RedefineGuideUITests" */ = {
			isa = XCConfigurationList;
			buildConfigurations = (
				973AEF142BBF3FF90083CBED /* Debug */,
				973AEF152BBF3FF90083CBED /* Release */,
			);
			defaultConfigurationIsVisible = 0;
			defaultConfigurationName = Release;
		};
/* End XCConfigurationList section */
	};
	rootObject = 973AEEE12BBF3FF70083CBED /* Project object */;
}
